
Microsoft Visual Studio Solution File, Format Version 12.00
# Visual Studio 15
VisualStudioVersion = 15.0.28010.2003
MinimumVisualStudioVersion = 10.0.40219.1
Project("{FAE04EC0-301F-11D3-BF4B-00C04F79EFBC}") = "LoLChampionPicker.WebApp", "LoLChampionPicker.WebApp\LoLChampionPicker.WebApp.csproj", "{AB21B2EA-2DEF-45B1-B637-3B365B67684D}"
EndProject
Global
	GlobalSection(SolutionConfigurationPlatforms) = preSolution
		Debug|Any CPU = Debug|Any CPU
		Release|Any CPU = Release|Any CPU
	EndGlobalSection
	GlobalSection(ProjectConfigurationPlatforms) = postSolution
		{AB21B2EA-2DEF-45B1-B637-3B365B67684D}.Debug|Any CPU.ActiveCfg = Debug|Any CPU
		{AB21B2EA-2DEF-45B1-B637-3B365B67684D}.Debug|Any CPU.Build.0 = Debug|Any CPU
		{AB21B2EA-2DEF-45B1-B637-3B365B67684D}.Release|Any CPU.ActiveCfg = Release|Any CPU
		{AB21B2EA-2DEF-45B1-B637-3B365B67684D}.Release|Any CPU.Build.0 = Release|Any CPU
	EndGlobalSection
	GlobalSection(SolutionProperties) = preSolution
		HideSolutionNode = FALSE
	EndGlobalSection
	GlobalSection(ExtensibilityGlobals) = postSolution
		SolutionGuid = {2F206917-0B4E-4EA0-8687-B843184917CF}
	EndGlobalSection
EndGlobal
